// !$*UTF8*$!
{
	archiveVersion = 1;
	classes = {
	};
	objectVersion = 46;
	objects = {

/* Begin PBXBuildFile section */
		F68242EA158A3FD50007A243 /* UIKit.framework in Frameworks */ = {isa = PBXBuildFile; fileRef = F68242E9158A3FD50007A243 /* UIKit.framework */; };
		F68242EC158A3FD50007A243 /* Foundation.framework in Frameworks */ = {isa = PBXBuildFile; fileRef = F68242EB158A3FD50007A243 /* Foundation.framework */; };
		F68242EE158A3FD50007A243 /* CoreGraphics.framework in Frameworks */ = {isa = PBXBuildFile; fileRef = F68242ED158A3FD50007A243 /* CoreGraphics.framework */; };
		F68242F4158A3FD50007A243 /* InfoPlist.strings in Resources */ = {isa = PBXBuildFile; fileRef = F68242F2158A3FD50007A243 /* InfoPlist.strings */; };
		F68242F6158A3FD50007A243 /* main.m in Sources */ = {isa = PBXBuildFile; fileRef = F68242F5158A3FD50007A243 /* main.m */; };
		F68242FA158A3FD50007A243 /* dholerAppDelegate.m in Sources */ = {isa = PBXBuildFile; fileRef = F68242F9158A3FD50007A243 /* dholerAppDelegate.m */; };
		F68242FD158A3FD50007A243 /* dholerViewController.m in Sources */ = {isa = PBXBuildFile; fileRef = F68242FC158A3FD50007A243 /* dholerViewController.m */; };
		F6824300158A3FD50007A243 /* dholerViewController_iPhone.xib in Resources */ = {isa = PBXBuildFile; fileRef = F68242FE158A3FD50007A243 /* dholerViewController_iPhone.xib */; };
		F6824303158A3FD50007A243 /* dholerViewController_iPad.xib in Resources */ = {isa = PBXBuildFile; fileRef = F6824301158A3FD50007A243 /* dholerViewController_iPad.xib */; };
/* End PBXBuildFile section */

/* Begin PBXFileReference section */
		F68242E5158A3FD50007A243 /* MyIOSDemo.app */ = {isa = PBXFileReference; explicitFileType = wrapper.application; includeInIndex = 0; path = MyIOSDemo.app; sourceTree = BUILT_PRODUCTS_DIR; };
		F68242E9158A3FD50007A243 /* UIKit.framework */ = {isa = PBXFileReference; lastKnownFileType = wrapper.framework; name = UIKit.framework; path = System/Library/Frameworks/UIKit.framework; sourceTree = SDKROOT; };
		F68242EB158A3FD50007A243 /* Foundation.framework */ = {isa = PBXFileReference; lastKnownFileType = wrapper.framework; name = Foundation.framework; path = System/Library/Frameworks/Foundation.framework; sourceTree = SDKROOT; };
		F68242ED158A3FD50007A243 /* CoreGraphics.framework */ = {isa = PBXFileReference; lastKnownFileType = wrapper.framework; name = CoreGraphics.framework; path = System/Library/Frameworks/CoreGraphics.framework; sourceTree = SDKROOT; };
		F68242F1158A3FD50007A243 /* MyIOSDemo-Info.plist */ = {isa = PBXFileReference; lastKnownFileType = text.plist.xml; path = "MyIOSDemo-Info.plist"; sourceTree = "<group>"; };
		F68242F3158A3FD50007A243 /* en */ = {isa = PBXFileReference; lastKnownFileType = text.plist.strings; name = en; path = en.lproj/InfoPlist.strings; sourceTree = "<group>"; };
		F68242F5158A3FD50007A243 /* main.m */ = {isa = PBXFileReference; lastKnownFileType = sourcecode.c.objc; path = main.m; sourceTree = "<group>"; };
		F68242F7158A3FD50007A243 /* MyIOSDemo-Prefix.pch */ = {isa = PBXFileReference; lastKnownFileType = sourcecode.c.h; path = "MyIOSDemo-Prefix.pch"; sourceTree = "<group>"; };
		F68242F8158A3FD50007A243 /* dholerAppDelegate.h */ = {isa = PBXFileReference; lastKnownFileType = sourcecode.c.h; path = dholerAppDelegate.h; sourceTree = "<group>"; };
		F68242F9158A3FD50007A243 /* dholerAppDelegate.m */ = {isa = PBXFileReference; lastKnownFileType = sourcecode.c.objc; path = dholerAppDelegate.m; sourceTree = "<group>"; };
		F68242FB158A3FD50007A243 /* dholerViewController.h */ = {isa = PBXFileReference; lastKnownFileType = sourcecode.c.h; path = dholerViewController.h; sourceTree = "<group>"; };
		F68242FC158A3FD50007A243 /* dholerViewController.m */ = {isa = PBXFileReference; lastKnownFileType = sourcecode.c.objc; path = dholerViewController.m; sourceTree = "<group>"; };
		F68242FF158A3FD50007A243 /* en */ = {isa = PBXFileReference; lastKnownFileType = file.xib; name = en; path = en.lproj/dholerViewController_iPhone.xib; sourceTree = "<group>"; };
		F6824302158A3FD50007A243 /* en */ = {isa = PBXFileReference; lastKnownFileType = file.xib; name = en; path = en.lproj/dholerViewController_iPad.xib; sourceTree = "<group>"; };
/* End PBXFileReference section */

/* Begin PBXFrameworksBuildPhase section */
		F68242E2158A3FD50007A243 /* Frameworks */ = {
			isa = PBXFrameworksBuildPhase;
			buildActionMask = 2147483647;
			files = (
				F68242EA158A3FD50007A243 /* UIKit.framework in Frameworks */,
				F68242EC158A3FD50007A243 /* Foundation.framework in Frameworks */,
				F68242EE158A3FD50007A243 /* CoreGraphics.framework in Frameworks */,
			);
			runOnlyForDeploymentPostprocessing = 0;
		};
/* End PBXFrameworksBuildPhase section */

/* Begin PBXGroup section */
		F68242DA158A3FD40007A243 = {
			isa = PBXGroup;
			children = (
				F68242EF158A3FD50007A243 /* MyIOSDemo */,
				F68242E8158A3FD50007A243 /* Frameworks */,
				F68242E6158A3FD50007A243 /* Products */,
			);
			sourceTree = "<group>";
		};
		F68242E6158A3FD50007A243 /* Products */ = {
			isa = PBXGroup;
			children = (
				F68242E5158A3FD50007A243 /* MyIOSDemo.app */,
			);
			name = Products;
			sourceTree = "<group>";
		};
		F68242E8158A3FD50007A243 /* Frameworks */ = {
			isa = PBXGroup;
			children = (
				F68242E9158A3FD50007A243 /* UIKit.framework */,
				F68242EB158A3FD50007A243 /* Foundation.framework */,
				F68242ED158A3FD50007A243 /* CoreGraphics.framework */,
			);
			name = Frameworks;
			sourceTree = "<group>";
		};
		F68242EF158A3FD50007A243 /* MyIOSDemo */ = {
			isa = PBXGroup;
			children = (
				F68242F8158A3FD50007A243 /* dholerAppDelegate.h */,
				F68242F9158A3FD50007A243 /* dholerAppDelegate.m */,
				F68242FB158A3FD50007A243 /* dholerViewController.h */,
				F68242FC158A3FD50007A243 /* dholerViewController.m */,
				F68242FE158A3FD50007A243 /* dholerViewController_iPhone.xib */,
				F6824301158A3FD50007A243 /* dholerViewController_iPad.xib */,
				F68242F0158A3FD50007A243 /* Supporting Files */,
			);
			path = MyIOSDemo;
			sourceTree = "<group>";
		};
		F68242F0158A3FD50007A243 /* Supporting Files */ = {
			isa = PBXGroup;
			children = (
				F68242F1158A3FD50007A243 /* MyIOSDemo-Info.plist */,
				F68242F2158A3FD50007A243 /* InfoPlist.strings */,
				F68242F5158A3FD50007A243 /* main.m */,
				F68242F7158A3FD50007A243 /* MyIOSDemo-Prefix.pch */,
			);
			name = "Supporting Files";
			sourceTree = "<group>";
		};
/* End PBXGroup section */

/* Begin PBXNativeTarget section */
		F68242E4158A3FD50007A243 /* MyIOSDemo */ = {
			isa = PBXNativeTarget;
			buildConfigurationList = F6824306158A3FD50007A243 /* Build configuration list for PBXNativeTarget "MyIOSDemo" */;
			buildPhases = (
				F68242E1158A3FD50007A243 /* Sources */,
				F68242E2158A3FD50007A243 /* Frameworks */,
				F68242E3158A3FD50007A243 /* Resources */,
			);
			buildRules = (
			);
			dependencies = (
			);
			name = MyIOSDemo;
			productName = MyIOSDemo;
			productReference = F68242E5158A3FD50007A243 /* MyIOSDemo.app */;
			productType = "com.apple.product-type.application";
		};
/* End PBXNativeTarget section */

/* Begin PBXProject section */
		F68242DC158A3FD40007A243 /* Project object */ = {
			isa = PBXProject;
			attributes = {
				CLASSPREFIX = dholer;
				LastUpgradeCheck = 0430;
			};
			buildConfigurationList = F68242DF158A3FD40007A243 /* Build configuration list for PBXProject "MyIOSDemo" */;
			compatibilityVersion = "Xcode 3.2";
			developmentRegion = English;
			hasScannedForEncodings = 0;
			knownRegions = (
				en,
			);
			mainGroup = F68242DA158A3FD40007A243;
			productRefGroup = F68242E6158A3FD50007A243 /* Products */;
			projectDirPath = "";
			projectRoot = "";
			targets = (
				F68242E4158A3FD50007A243 /* MyIOSDemo */,
			);
		};
/* End PBXProject section */

/* Begin PBXResourcesBuildPhase section */
		F68242E3158A3FD50007A243 /* Resources */ = {
			isa = PBXResourcesBuildPhase;
			buildActionMask = 2147483647;
			files = (
				F68242F4158A3FD50007A243 /* InfoPlist.strings in Resources */,
				F6824300158A3FD50007A243 /* dholerViewController_iPhone.xib in Resources */,
				F6824303158A3FD50007A243 /* dholerViewController_iPad.xib in Resources */,
			);
			runOnlyForDeploymentPostprocessing = 0;
		};
/* End PBXResourcesBuildPhase section */

/* Begin PBXSourcesBuildPhase section */
		F68242E1158A3FD50007A243 /* Sources */ = {
			isa = PBXSourcesBuildPhase;
			buildActionMask = 2147483647;
			files = (
				F68242F6158A3FD50007A243 /* main.m in Sources */,
				F68242FA158A3FD50007A243 /* dholerAppDelegate.m in Sources */,
				F68242FD158A3FD50007A243 /* dholerViewController.m in Sources */,
			);
			runOnlyForDeploymentPostprocessing = 0;
		};
/* End PBXSourcesBuildPhase section */

/* Begin PBXVariantGroup section */
		F68242F2158A3FD50007A243 /* InfoPlist.strings */ = {
			isa = PBXVariantGroup;
			children = (
				F68242F3158A3FD50007A243 /* en */,
			);
			name = InfoPlist.strings;
			sourceTree = "<group>";
		};
		F68242FE158A3FD50007A243 /* dholerViewController_iPhone.xib */ = {
			isa = PBXVariantGroup;
			children = (
				F68242FF158A3FD50007A243 /* en */,
			);
			name = dholerViewController_iPhone.xib;
			sourceTree = "<group>";
		};
		F6824301158A3FD50007A243 /* dholerViewController_iPad.xib */ = {
			isa = PBXVariantGroup;
			children = (
				F6824302158A3FD50007A243 /* en */,
			);
			name = dholerViewController_iPad.xib;
			sourceTree = "<group>";
		};
/* End PBXVariantGroup section */

/* Begin XCBuildConfiguration section */
		F6824304158A3FD50007A243 /* Debug */ = {
			isa = XCBuildConfiguration;
			buildSettings = {
				ALWAYS_SEARCH_USER_PATHS = NO;
				ARCHS = "$(ARCHS_STANDARD_32_BIT)";
				"CODE_SIGN_IDENTITY[sdk=iphoneos*]" = "iPhone Developer";
				COPY_PHASE_STRIP = NO;
				GCC_C_LANGUAGE_STANDARD = gnu99;
				GCC_DYNAMIC_NO_PIC = NO;
				GCC_OPTIMIZATION_LEVEL = 0;
				GCC_PREPROCESSOR_DEFINITIONS = (
					"DEBUG=1",
					"$(inherited)",
				);
				GCC_SYMBOLS_PRIVATE_EXTERN = NO;
				GCC_VERSION = com.apple.compilers.llvm.clang.1_0;
				GCC_WARN_ABOUT_RETURN_TYPE = YES;
				GCC_WARN_UNINITIALIZED_AUTOS = YES;
				GCC_WARN_UNUSED_VARIABLE = YES;
				IPHONEOS_DEPLOYMENT_TARGET = 5.1;
				SDKROOT = iphoneos;
				TARGETED_DEVICE_FAMILY = "1,2";
			};
			name = Debug;
		};
		F6824305158A3FD50007A243 /* Release */ = {
			isa = XCBuildConfiguration;
			buildSettings = {
				ALWAYS_SEARCH_USER_PATHS = NO;
				ARCHS = "$(ARCHS_STANDARD_32_BIT)";
				"CODE_SIGN_IDENTITY[sdk=iphoneos*]" = "iPhone Developer";
				COPY_PHASE_STRIP = YES;
				GCC_C_LANGUAGE_STANDARD = gnu99;
				GCC_VERSION = com.apple.compilers.llvm.clang.1_0;
				GCC_WARN_ABOUT_RETURN_TYPE = YES;
				GCC_WARN_UNINITIALIZED_AUTOS = YES;
				GCC_WARN_UNUSED_VARIABLE = YES;
				IPHONEOS_DEPLOYMENT_TARGET = 5.1;
				OTHER_CFLAGS = "-DNS_BLOCK_ASSERTIONS=1";
				SDKROOT = iphoneos;
				TARGETED_DEVICE_FAMILY = "1,2";
				VALIDATE_PRODUCT = YES;
			};
			name = Release;
		};
		F6824307158A3FD50007A243 /* Debug */ = {
			isa = XCBuildConfiguration;
			buildSettings = {
				GCC_PRECOMPILE_PREFIX_HEADER = YES;
				GCC_PREFIX_HEADER = "MyIOSDemo/MyIOSDemo-Prefix.pch";
				INFOPLIST_FILE = "MyIOSDemo/MyIOSDemo-Info.plist";
				PRODUCT_NAME = "$(TARGET_NAME)";
				WRAPPER_EXTENSION = app;
			};
			name = Debug;
		};
		F6824308158A3FD50007A243 /* Release */ = {
			isa = XCBuildConfiguration;
			buildSettings = {
				GCC_PRECOMPILE_PREFIX_HEADER = YES;
				GCC_PREFIX_HEADER = "MyIOSDemo/MyIOSDemo-Prefix.pch";
				INFOPLIST_FILE = "MyIOSDemo/MyIOSDemo-Info.plist";
				PRODUCT_NAME = "$(TARGET_NAME)";
				WRAPPER_EXTENSION = app;
			};
			name = Release;
		};
/* End XCBuildConfiguration section */

/* Begin XCConfigurationList section */
		F68242DF158A3FD40007A243 /* Build configuration list for PBXProject "MyIOSDemo" */ = {
			isa = XCConfigurationList;
			buildConfigurations = (
				F6824304158A3FD50007A243 /* Debug */,
				F6824305158A3FD50007A243 /* Release */,
			);
			defaultConfigurationIsVisible = 0;
			defaultConfigurationName = Release;
		};
		F6824306158A3FD50007A243 /* Build configuration list for PBXNativeTarget "MyIOSDemo" */ = {
			isa = XCConfigurationList;
			buildConfigurations = (
				F6824307158A3FD50007A243 /* Debug */,
				F6824308158A3FD50007A243 /* Release */,
			);
			defaultConfigurationIsVisible = 0;
		};
/* End XCConfigurationList section */
	};
	rootObject = F68242DC158A3FD40007A243 /* Project object */;
}
